{
  "requires": true,
  "lockfileVersion": 1,
  "dependencies": {
    "@types/jquery": {
      "version": "3.3.1",
      "resolved": "https://registry.npmjs.org/@types/jquery/-/jquery-3.3.1.tgz",
      "integrity": "sha512-N3h+rzN518yl2xKrW0o6KKdNmWZ+OwG6SoM5TBEQFF0tTv5wXPEsoOuYQ2Kt3/89XbcSZUJLdjiT/2c3BR/ApQ=="
    },
    "@types/materialize-css": {
      "version": "1.0.1",
      "resolved": "https://registry.npmjs.org/@types/materialize-css/-/materialize-css-1.0.1.tgz",
      "integrity": "sha512-Y/AzjH3BPenBfF4FvIz8PCHUqPZ/18nt2cKEvOxDL3n21YShZwtIYuIe/TveHY4OMeHdd/XPy+oFi3tqjNEOUg==",
      "requires": {
        "@types/jquery": "3.3.1"
      }
    }
  }
}
